
Microsoft Visual Studio Solution File, Format Version 12.00
# Visual Studio Version 16
VisualStudioVersion = 16.0.31205.134
MinimumVisualStudioVersion = 10.0.40219.1
Project("{FAE04EC0-301F-11D3-BF4B-00C04F79EFBC}") = "CarRentingSystem", "CarRentingSystem\CarRentingSystem.csproj", "{80B4175B-3E03-4F23-9635-E722D42C1CEA}"
EndProject
Global
	GlobalSection(SolutionConfigurationPlatforms) = preSolution
		Debug|Any CPU = Debug|Any CPU
		Release|Any CPU = Release|Any CPU
	EndGlobalSection
	GlobalSection(ProjectConfigurationPlatforms) = postSolution
		{80B4175B-3E03-4F23-9635-E722D42C1CEA}.Debug|Any CPU.ActiveCfg = Debug|Any CPU
		{80B4175B-3E03-4F23-9635-E722D42C1CEA}.Debug|Any CPU.Build.0 = Debug|Any CPU
		{80B4175B-3E03-4F23-9635-E722D42C1CEA}.Release|Any CPU.ActiveCfg = Release|Any CPU
		{80B4175B-3E03-4F23-9635-E722D42C1CEA}.Release|Any CPU.Build.0 = Release|Any CPU
	EndGlobalSection
	GlobalSection(SolutionProperties) = preSolution
		HideSolutionNode = FALSE
	EndGlobalSection
	GlobalSection(ExtensibilityGlobals) = postSolution
		SolutionGuid = {812B0925-0165-486E-BCE5-B2AFC908476B}
	EndGlobalSection
EndGlobal
